<?xml version="1.0" encoding="utf-8"?>
<Project ToolsVersion="4.0" xmlns="http://schemas.microsoft.com/developer/msbuild/2003">
  <ItemGroup>
    <ClCompile Include="MainFrm.cpp">
      <Filter>ソースコード</Filter>
    </ClCompile>
    <ClCompile Include="stdafx.cpp">
      <Filter>ソースコード</Filter>
    </ClCompile>
    <ClCompile Include="OARConvWin.cpp">
      <Filter>ソースコード</Filter>
    </ClCompile>
    <ClCompile Include="ParameterSet.cpp">
      <Filter>ソースコード</Filter>
    </ClCompile>
    <ClCompile Include="ObjectsListDLG.cpp">
      <Filter>ソースコード</Filter>
    </ClCompile>
    <ClCompile Include="ShowInfoDLG.cpp">
      <Filter>ソースコード</Filter>
    </ClCompile>
    <ClCompile Include="SetParamDLG.cpp">
      <Filter>ソースコード</Filter>
    </ClCompile>
  </ItemGroup>
  <ItemGroup>
    <ClInclude Include="MainFrm.h">
      <Filter>ヘッダ</Filter>
    </ClInclude>
    <ClInclude Include="Resource.h">
      <Filter>ヘッダ</Filter>
    </ClInclude>
    <ClInclude Include="stdafx.h">
      <Filter>ヘッダ</Filter>
    </ClInclude>
    <ClInclude Include="OARConvWin_config.h">
      <Filter>ヘッダ</Filter>
    </ClInclude>
    <ClInclude Include="OARConvWin.h">
      <Filter>ヘッダ</Filter>
    </ClInclude>
    <ClInclude Include="ParameterSet.h">
      <Filter>ヘッダ</Filter>
    </ClInclude>
    <ClInclude Include="ObjectsListDLG.h">
      <Filter>ヘッダ</Filter>
    </ClInclude>
    <ClInclude Include="ShowInfoDLG.h">
      <Filter>ヘッダ</Filter>
    </ClInclude>
    <ClInclude Include="SetParamDLG.h">
      <Filter>ヘッダ</Filter>
    </ClInclude>
  </ItemGroup>
  <ItemGroup>
    <None Include="res\Toolbar.bmp">
      <Filter>リソースファイル</Filter>
    </None>
    <None Include="res\OARConvWin.ico">
      <Filter>リソースファイル</Filter>
    </None>
    <None Include="res\OARConvWin.rc2">
      <Filter>リソースファイル</Filter>
    </None>
    <None Include="res\OARConvWinDoc.ico">
      <Filter>リソースファイル</Filter>
    </None>
  </ItemGroup>
  <ItemGroup>
    <Filter Include="ソースコード">
      <UniqueIdentifier>{f697a628-0441-458b-81f3-f50fbf64e79a}</UniqueIdentifier>
    </Filter>
    <Filter Include="ヘッダ">
      <UniqueIdentifier>{e7814e08-4976-4721-8789-7fadd82e5a9c}</UniqueIdentifier>
    </Filter>
    <Filter Include="リソースファイル">
      <UniqueIdentifier>{4ac11608-be8f-4552-9a94-4d3586a6b8bb}</UniqueIdentifier>
    </Filter>
  </ItemGroup>
  <ItemGroup>
    <ResourceCompile Include="OARConvWin.rc">
      <Filter>リソースファイル</Filter>
    </ResourceCompile>
  </ItemGroup>
</Project>