<?xml version="1.0" encoding="utf-8"?>
<Project ToolsVersion="4.0" xmlns="http://schemas.microsoft.com/developer/msbuild/2003">
  <ItemGroup>
    <Filter Include="ソースファイル">
      <UniqueIdentifier>{c9da4e4f-169e-46b7-a5a2-e6a6509e6e0c}</UniqueIdentifier>
    </Filter>
    <Filter Include="ヘッダファイル">
      <UniqueIdentifier>{bddc3a0d-836b-4896-8f00-8c35054b21bb}</UniqueIdentifier>
    </Filter>
  </ItemGroup>
  <ItemGroup>
    <ClCompile Include="..\..\MaterialTool.cpp">
      <Filter>ソースファイル</Filter>
    </ClCompile>
    <ClCompile Include="..\..\MeshMaker.cpp">
      <Filter>ソースファイル</Filter>
    </ClCompile>
    <ClCompile Include="..\..\OARTool.cpp">
      <Filter>ソースファイル</Filter>
    </ClCompile>
    <ClCompile Include="..\..\PrimMesher.cpp">
      <Filter>ソースファイル</Filter>
    </ClCompile>
    <ClCompile Include="..\..\PrimShape.cpp">
      <Filter>ソースファイル</Filter>
    </ClCompile>
    <ClCompile Include="..\..\SculptMesher.cpp">
      <Filter>ソースファイル</Filter>
    </ClCompile>
    <ClCompile Include="..\..\TerrainMesher.cpp">
      <Filter>ソースファイル</Filter>
    </ClCompile>
    <ClCompile Include="..\..\TerrainTool.cpp">
      <Filter>ソースファイル</Filter>
    </ClCompile>
    <ClCompile Include="..\..\TreeTool.cpp">
      <Filter>ソースファイル</Filter>
    </ClCompile>
  </ItemGroup>
  <ItemGroup>
    <ClInclude Include="..\..\MaterialTool.h">
      <Filter>ヘッダファイル</Filter>
    </ClInclude>
    <ClInclude Include="..\..\MeshMaker.h">
      <Filter>ヘッダファイル</Filter>
    </ClInclude>
    <ClInclude Include="..\..\OARTool.h">
      <Filter>ヘッダファイル</Filter>
    </ClInclude>
    <ClInclude Include="..\..\PrimMesher.h">
      <Filter>ヘッダファイル</Filter>
    </ClInclude>
    <ClInclude Include="..\..\PrimShape.h">
      <Filter>ヘッダファイル</Filter>
    </ClInclude>
    <ClInclude Include="..\..\SculptMesher.h">
      <Filter>ヘッダファイル</Filter>
    </ClInclude>
    <ClInclude Include="..\..\TerrainMesher.h">
      <Filter>ヘッダファイル</Filter>
    </ClInclude>
    <ClInclude Include="..\..\TerrainTool.h">
      <Filter>ヘッダファイル</Filter>
    </ClInclude>
    <ClInclude Include="..\..\TreeTool.h">
      <Filter>ヘッダファイル</Filter>
    </ClInclude>
    <ClInclude Include="..\..\LogDocTool.h">
      <Filter>ヘッダファイル</Filter>
    </ClInclude>
  </ItemGroup>
</Project>