
Microsoft Visual Studio Solution File, Format Version 12.00
# Visual Studio 2012
Project("{8BC9CEB8-8B4A-11D0-8D11-00A0C91BC942}") = "BREP_MFCLib", "BREP_MFCLib_2012.vcxproj", "{01A0CA43-7117-4F24-AA86-6AFF9C920581}"
EndProject
Global
	GlobalSection(SolutionConfigurationPlatforms) = preSolution
		Debug|Win32 = Debug|Win32
		Debug|x64 = Debug|x64
		Release|Win32 = Release|Win32
		Release|x64 = Release|x64
		Template|Win32 = Template|Win32
		Template|x64 = Template|x64
	EndGlobalSection
	GlobalSection(ProjectConfigurationPlatforms) = postSolution
		{01A0CA43-7117-4F24-AA86-6AFF9C920581}.Debug|Win32.ActiveCfg = Debug|Win32
		{01A0CA43-7117-4F24-AA86-6AFF9C920581}.Debug|Win32.Build.0 = Debug|Win32
		{01A0CA43-7117-4F24-AA86-6AFF9C920581}.Debug|x64.ActiveCfg = Debug|x64
		{01A0CA43-7117-4F24-AA86-6AFF9C920581}.Debug|x64.Build.0 = Debug|x64
		{01A0CA43-7117-4F24-AA86-6AFF9C920581}.Release|Win32.ActiveCfg = Release|Win32
		{01A0CA43-7117-4F24-AA86-6AFF9C920581}.Release|Win32.Build.0 = Release|Win32
		{01A0CA43-7117-4F24-AA86-6AFF9C920581}.Release|x64.ActiveCfg = Release|x64
		{01A0CA43-7117-4F24-AA86-6AFF9C920581}.Release|x64.Build.0 = Release|x64
		{01A0CA43-7117-4F24-AA86-6AFF9C920581}.Template|Win32.ActiveCfg = Template|Win32
		{01A0CA43-7117-4F24-AA86-6AFF9C920581}.Template|Win32.Build.0 = Template|Win32
		{01A0CA43-7117-4F24-AA86-6AFF9C920581}.Template|x64.ActiveCfg = Template|x64
		{01A0CA43-7117-4F24-AA86-6AFF9C920581}.Template|x64.Build.0 = Template|x64
	EndGlobalSection
	GlobalSection(SolutionProperties) = preSolution
		HideSolutionNode = FALSE
	EndGlobalSection
EndGlobal
